// !$*UTF8*$!
{
	archiveVersion = 1;
	classes = {
	};
	objectVersion = 50;
	objects = {

/* Begin PBXBuildFile section */
		D4657CCB23E9BAD100B843AF /* AppDelegate.swift in Sources */ = {isa = PBXBuildFile; fileRef = D4657CCA23E9BAD100B843AF /* AppDelegate.swift */; };
		D4657CCD23E9BAD100B843AF /* SceneDelegate.swift in Sources */ = {isa = PBXBuildFile; fileRef = D4657CCC23E9BAD100B843AF /* SceneDelegate.swift */; };
		D4657CD223E9BAD100B843AF /* Main.storyboard in Resources */ = {isa = PBXBuildFile; fileRef = D4657CD023E9BAD100B843AF /* Main.storyboard */; };
		D4657CD423E9BAD200B843AF /* Assets.xcassets in Resources */ = {isa = PBXBuildFile; fileRef = D4657CD323E9BAD200B843AF /* Assets.xcassets */; };
		D4657CD723E9BAD200B843AF /* LaunchScreen.storyboard in Resources */ = {isa = PBXBuildFile; fileRef = D4657CD523E9BAD200B843AF /* LaunchScreen.storyboard */; };
		D4657CE223E9BAD300B843AF /* NewsAppTests.swift in Sources */ = {isa = PBXBuildFile; fileRef = D4657CE123E9BAD300B843AF /* NewsAppTests.swift */; };
		D4657CED23E9BAD300B843AF /* NewsAppUITests.swift in Sources */ = {isa = PBXBuildFile; fileRef = D4657CEC23E9BAD300B843AF /* NewsAppUITests.swift */; };
		D4657CFB23E9BCAD00B843AF /* .gitignore in Resources */ = {isa = PBXBuildFile; fileRef = D4657CFA23E9BCAD00B843AF /* .gitignore */; };
		D4657D0423E9BE9700B843AF /* NewsService.swift in Sources */ = {isa = PBXBuildFile; fileRef = D4657CFE23E9BE9700B843AF /* NewsService.swift */; };
		D4657D0523E9BE9700B843AF /* NewsServiceProtocol.swift in Sources */ = {isa = PBXBuildFile; fileRef = D4657CFF23E9BE9700B843AF /* NewsServiceProtocol.swift */; };
		D4657D0623E9BE9700B843AF /* Articles.json in Resources */ = {isa = PBXBuildFile; fileRef = D4657D0023E9BE9700B843AF /* Articles.json */; };
		D4657D0723E9BE9700B843AF /* ImageTransfererProtocol.swift in Sources */ = {isa = PBXBuildFile; fileRef = D4657D0223E9BE9700B843AF /* ImageTransfererProtocol.swift */; };
		D4657D0823E9BE9700B843AF /* ImageTransfererService.swift in Sources */ = {isa = PBXBuildFile; fileRef = D4657D0323E9BE9700B843AF /* ImageTransfererService.swift */; };
		D4657D0D23E9BEB700B843AF /* ArticleSource.swift in Sources */ = {isa = PBXBuildFile; fileRef = D4657D0A23E9BEB700B843AF /* ArticleSource.swift */; };
		D4657D0E23E9BEB700B843AF /* Article.swift in Sources */ = {isa = PBXBuildFile; fileRef = D4657D0B23E9BEB700B843AF /* Article.swift */; };
		D4657D0F23E9BEB700B843AF /* Articles.swift in Sources */ = {isa = PBXBuildFile; fileRef = D4657D0C23E9BEB700B843AF /* Articles.swift */; };
		D4657D1323E9BEC700B843AF /* ArticleCell.swift in Sources */ = {isa = PBXBuildFile; fileRef = D4657D1123E9BEC700B843AF /* ArticleCell.swift */; };
		D4657D1423E9BEC700B843AF /* ArticleCell.xib in Resources */ = {isa = PBXBuildFile; fileRef = D4657D1223E9BEC700B843AF /* ArticleCell.xib */; };
		D4657D1723E9BED800B843AF /* Storyboarded.swift in Sources */ = {isa = PBXBuildFile; fileRef = D4657D1623E9BED800B843AF /* Storyboarded.swift */; };
		D4657D1923E9BEE500B843AF /* AppCoordinator.swift in Sources */ = {isa = PBXBuildFile; fileRef = D4657D1823E9BEE500B843AF /* AppCoordinator.swift */; };
		D4657D1B23E9BEF600B843AF /* Constants.swift in Sources */ = {isa = PBXBuildFile; fileRef = D4657D1A23E9BEF600B843AF /* Constants.swift */; };
		D4657D2023E9BF6700B843AF /* ArticleViewController.swift in Sources */ = {isa = PBXBuildFile; fileRef = D4657D1D23E9BF6700B843AF /* ArticleViewController.swift */; };
		D4657D2123E9BF6700B843AF /* ArticlesCoordinator.swift in Sources */ = {isa = PBXBuildFile; fileRef = D4657D1E23E9BF6700B843AF /* ArticlesCoordinator.swift */; };
		D4657D2223E9BF6700B843AF /* ArticlesTableViewController.swift in Sources */ = {isa = PBXBuildFile; fileRef = D4657D1F23E9BF6700B843AF /* ArticlesTableViewController.swift */; };
		D4657D2523E9BFBE00B843AF /* ArticlesPresenter.swift in Sources */ = {isa = PBXBuildFile; fileRef = D4657D2423E9BFBE00B843AF /* ArticlesPresenter.swift */; };
		D4657D2923E9C96600B843AF /* Coordinator.swift in Sources */ = {isa = PBXBuildFile; fileRef = D4657D2823E9C96600B843AF /* Coordinator.swift */; };
		D4657D3723E9CE6A00B843AF /* ArticlesCoordinatorTests.swift in Sources */ = {isa = PBXBuildFile; fileRef = D4657D3623E9CE6A00B843AF /* ArticlesCoordinatorTests.swift */; };
		D4657D3923E9CE7900B843AF /* ArticlesPresenterTests.swift in Sources */ = {isa = PBXBuildFile; fileRef = D4657D3823E9CE7900B843AF /* ArticlesPresenterTests.swift */; };
		D4657D3B23E9CE9900B843AF /* ArticlesTableViewControllerUITests.swift in Sources */ = {isa = PBXBuildFile; fileRef = D4657D3A23E9CE9900B843AF /* ArticlesTableViewControllerUITests.swift */; };
		D4657D3D23E9CF0600B843AF /* ArticlesTableViewControllerTests.swift in Sources */ = {isa = PBXBuildFile; fileRef = D4657D3C23E9CF0600B843AF /* ArticlesTableViewControllerTests.swift */; };
		D4657D4023E9D18E00B843AF /* MockArticlesPresenter.swift in Sources */ = {isa = PBXBuildFile; fileRef = D4657D3F23E9D18E00B843AF /* MockArticlesPresenter.swift */; };
		D4657D4223E9D22A00B843AF /* ArticlesPresenterProtocol.swift in Sources */ = {isa = PBXBuildFile; fileRef = D4657D4123E9D22A00B843AF /* ArticlesPresenterProtocol.swift */; };
		D4657D4723E9D4BF00B843AF /* MockObjectProtocol.swift in Sources */ = {isa = PBXBuildFile; fileRef = D4657D4623E9D4BF00B843AF /* MockObjectProtocol.swift */; };
/* End PBXBuildFile section */

/* Begin PBXContainerItemProxy section */
		D4657CDE23E9BAD200B843AF /* PBXContainerItemProxy */ = {
			isa = PBXContainerItemProxy;
			containerPortal = D4657CBF23E9BAD100B843AF /* Project object */;
			proxyType = 1;
			remoteGlobalIDString = D4657CC623E9BAD100B843AF;
			remoteInfo = NewsApp;
		};
		D4657CE923E9BAD300B843AF /* PBXContainerItemProxy */ = {
			isa = PBXContainerItemProxy;
			containerPortal = D4657CBF23E9BAD100B843AF /* Project object */;
			proxyType = 1;
			remoteGlobalIDString = D4657CC623E9BAD100B843AF;
			remoteInfo = NewsApp;
		};
/* End PBXContainerItemProxy section */

/* Begin PBXFileReference section */
		D4657CC723E9BAD100B843AF /* NewsApp.app */ = {isa = PBXFileReference; explicitFileType = wrapper.application; includeInIndex = 0; path = NewsApp.app; sourceTree = BUILT_PRODUCTS_DIR; };
		D4657CCA23E9BAD100B843AF /* AppDelegate.swift */ = {isa = PBXFileReference; lastKnownFileType = sourcecode.swift; path = AppDelegate.swift; sourceTree = "<group>"; };
		D4657CCC23E9BAD100B843AF /* SceneDelegate.swift */ = {isa = PBXFileReference; lastKnownFileType = sourcecode.swift; path = SceneDelegate.swift; sourceTree = "<group>"; };
		D4657CD123E9BAD100B843AF /* Base */ = {isa = PBXFileReference; lastKnownFileType = file.storyboard; name = Base; path = Base.lproj/Main.storyboard; sourceTree = "<group>"; };
		D4657CD323E9BAD200B843AF /* Assets.xcassets */ = {isa = PBXFileReference; lastKnownFileType = folder.assetcatalog; path = Assets.xcassets; sourceTree = "<group>"; };
		D4657CD623E9BAD200B843AF /* Base */ = {isa = PBXFileReference; lastKnownFileType = file.storyboard; name = Base; path = Base.lproj/LaunchScreen.storyboard; sourceTree = "<group>"; };
		D4657CD823E9BAD200B843AF /* Info.plist */ = {isa = PBXFileReference; lastKnownFileType = text.plist.xml; path = Info.plist; sourceTree = "<group>"; };
		D4657CDD23E9BAD200B843AF /* NewsAppTests.xctest */ = {isa = PBXFileReference; explicitFileType = wrapper.cfbundle; includeInIndex = 0; path = NewsAppTests.xctest; sourceTree = BUILT_PRODUCTS_DIR; };
		D4657CE123E9BAD300B843AF /* NewsAppTests.swift */ = {isa = PBXFileReference; lastKnownFileType = sourcecode.swift; path = NewsAppTests.swift; sourceTree = "<group>"; };
		D4657CE323E9BAD300B843AF /* Info.plist */ = {isa = PBXFileReference; lastKnownFileType = text.plist.xml; path = Info.plist; sourceTree = "<group>"; };
		D4657CE823E9BAD300B843AF /* NewsAppUITests.xctest */ = {isa = PBXFileReference; explicitFileType = wrapper.cfbundle; includeInIndex = 0; path = NewsAppUITests.xctest; sourceTree = BUILT_PRODUCTS_DIR; };
		D4657CEC23E9BAD300B843AF /* NewsAppUITests.swift */ = {isa = PBXFileReference; lastKnownFileType = sourcecode.swift; path = NewsAppUITests.swift; sourceTree = "<group>"; };
		D4657CEE23E9BAD300B843AF /* Info.plist */ = {isa = PBXFileReference; lastKnownFileType = text.plist.xml; path = Info.plist; sourceTree = "<group>"; };
		D4657CFA23E9BCAD00B843AF /* .gitignore */ = {isa = PBXFileReference; lastKnownFileType = text; path = .gitignore; sourceTree = "<group>"; };
		D4657CFE23E9BE9700B843AF /* NewsService.swift */ = {isa = PBXFileReference; fileEncoding = 4; lastKnownFileType = sourcecode.swift; path = NewsService.swift; sourceTree = "<group>"; };
		D4657CFF23E9BE9700B843AF /* NewsServiceProtocol.swift */ = {isa = PBXFileReference; fileEncoding = 4; lastKnownFileType = sourcecode.swift; path = NewsServiceProtocol.swift; sourceTree = "<group>"; };
		D4657D0023E9BE9700B843AF /* Articles.json */ = {isa = PBXFileReference; fileEncoding = 4; lastKnownFileType = text.json; path = Articles.json; sourceTree = "<group>"; };
		D4657D0223E9BE9700B843AF /* ImageTransfererProtocol.swift */ = {isa = PBXFileReference; fileEncoding = 4; lastKnownFileType = sourcecode.swift; path = ImageTransfererProtocol.swift; sourceTree = "<group>"; };
		D4657D0323E9BE9700B843AF /* ImageTransfererService.swift */ = {isa = PBXFileReference; fileEncoding = 4; lastKnownFileType = sourcecode.swift; path = ImageTransfererService.swift; sourceTree = "<group>"; };
		D4657D0A23E9BEB700B843AF /* ArticleSource.swift */ = {isa = PBXFileReference; fileEncoding = 4; lastKnownFileType = sourcecode.swift; path = ArticleSource.swift; sourceTree = "<group>"; };
		D4657D0B23E9BEB700B843AF /* Article.swift */ = {isa = PBXFileReference; fileEncoding = 4; lastKnownFileType = sourcecode.swift; path = Article.swift; sourceTree = "<group>"; };
		D4657D0C23E9BEB700B843AF /* Articles.swift */ = {isa = PBXFileReference; fileEncoding = 4; lastKnownFileType = sourcecode.swift; path = Articles.swift; sourceTree = "<group>"; };
		D4657D1123E9BEC700B843AF /* ArticleCell.swift */ = {isa = PBXFileReference; fileEncoding = 4; lastKnownFileType = sourcecode.swift; path = ArticleCell.swift; sourceTree = "<group>"; };
		D4657D1223E9BEC700B843AF /* ArticleCell.xib */ = {isa = PBXFileReference; fileEncoding = 4; lastKnownFileType = file.xib; path = ArticleCell.xib; sourceTree = "<group>"; };
		D4657D1623E9BED800B843AF /* Storyboarded.swift */ = {isa = PBXFileReference; fileEncoding = 4; lastKnownFileType = sourcecode.swift; path = Storyboarded.swift; sourceTree = "<group>"; };
		D4657D1823E9BEE500B843AF /* AppCoordinator.swift */ = {isa = PBXFileReference; fileEncoding = 4; lastKnownFileType = sourcecode.swift; path = AppCoordinator.swift; sourceTree = "<group>"; };
		D4657D1A23E9BEF600B843AF /* Constants.swift */ = {isa = PBXFileReference; fileEncoding = 4; lastKnownFileType = sourcecode.swift; path = Constants.swift; sourceTree = "<group>"; };
		D4657D1D23E9BF6700B843AF /* ArticleViewController.swift */ = {isa = PBXFileReference; fileEncoding = 4; lastKnownFileType = sourcecode.swift; path = ArticleViewController.swift; sourceTree = "<group>"; };
		D4657D1E23E9BF6700B843AF /* ArticlesCoordinator.swift */ = {isa = PBXFileReference; fileEncoding = 4; lastKnownFileType = sourcecode.swift; path = ArticlesCoordinator.swift; sourceTree = "<group>"; };
		D4657D1F23E9BF6700B843AF /* ArticlesTableViewController.swift */ = {isa = PBXFileReference; fileEncoding = 4; lastKnownFileType = sourcecode.swift; path = ArticlesTableViewController.swift; sourceTree = "<group>"; };
		D4657D2423E9BFBE00B843AF /* ArticlesPresenter.swift */ = {isa = PBXFileReference; lastKnownFileType = sourcecode.swift; path = ArticlesPresenter.swift; sourceTree = "<group>"; };
		D4657D2823E9C96600B843AF /* Coordinator.swift */ = {isa = PBXFileReference; lastKnownFileType = sourcecode.swift; path = Coordinator.swift; sourceTree = "<group>"; };
		D4657D3623E9CE6A00B843AF /* ArticlesCoordinatorTests.swift */ = {isa = PBXFileReference; lastKnownFileType = sourcecode.swift; path = ArticlesCoordinatorTests.swift; sourceTree = "<group>"; };
		D4657D3823E9CE7900B843AF /* ArticlesPresenterTests.swift */ = {isa = PBXFileReference; lastKnownFileType = sourcecode.swift; path = ArticlesPresenterTests.swift; sourceTree = "<group>"; };
		D4657D3A23E9CE9900B843AF /* ArticlesTableViewControllerUITests.swift */ = {isa = PBXFileReference; lastKnownFileType = sourcecode.swift; path = ArticlesTableViewControllerUITests.swift; sourceTree = "<group>"; };
		D4657D3C23E9CF0600B843AF /* ArticlesTableViewControllerTests.swift */ = {isa = PBXFileReference; lastKnownFileType = sourcecode.swift; path = ArticlesTableViewControllerTests.swift; sourceTree = "<group>"; };
		D4657D3F23E9D18E00B843AF /* MockArticlesPresenter.swift */ = {isa = PBXFileReference; lastKnownFileType = sourcecode.swift; path = MockArticlesPresenter.swift; sourceTree = "<group>"; };
		D4657D4123E9D22A00B843AF /* ArticlesPresenterProtocol.swift */ = {isa = PBXFileReference; lastKnownFileType = sourcecode.swift; path = ArticlesPresenterProtocol.swift; sourceTree = "<group>"; };
		D4657D4623E9D4BF00B843AF /* MockObjectProtocol.swift */ = {isa = PBXFileReference; lastKnownFileType = sourcecode.swift; path = MockObjectProtocol.swift; sourceTree = "<group>"; };
/* End PBXFileReference section */

/* Begin PBXFrameworksBuildPhase section */
		D4657CC423E9BAD100B843AF /* Frameworks */ = {
			isa = PBXFrameworksBuildPhase;
			buildActionMask = 2147483647;
			files = (
			);
			runOnlyForDeploymentPostprocessing = 0;
		};
		D4657CDA23E9BAD200B843AF /* Frameworks */ = {
			isa = PBXFrameworksBuildPhase;
			buildActionMask = 2147483647;
			files = (
			);
			runOnlyForDeploymentPostprocessing = 0;
		};
		D4657CE523E9BAD300B843AF /* Frameworks */ = {
			isa = PBXFrameworksBuildPhase;
			buildActionMask = 2147483647;
			files = (
			);
			runOnlyForDeploymentPostprocessing = 0;
		};
/* End PBXFrameworksBuildPhase section */

/* Begin PBXGroup section */
		D4657CBE23E9BAD100B843AF = {
			isa = PBXGroup;
			children = (
				D4657CFA23E9BCAD00B843AF /* .gitignore */,
				D4657CC923E9BAD100B843AF /* NewsApp */,
				D4657CE023E9BAD200B843AF /* NewsAppTests */,
				D4657CEB23E9BAD300B843AF /* NewsAppUITests */,
				D4657CC823E9BAD100B843AF /* Products */,
			);
			sourceTree = "<group>";
		};
		D4657CC823E9BAD100B843AF /* Products */ = {
			isa = PBXGroup;
			children = (
				D4657CC723E9BAD100B843AF /* NewsApp.app */,
				D4657CDD23E9BAD200B843AF /* NewsAppTests.xctest */,
				D4657CE823E9BAD300B843AF /* NewsAppUITests.xctest */,
			);
			name = Products;
			sourceTree = "<group>";
		};
		D4657CC923E9BAD100B843AF /* NewsApp */ = {
			isa = PBXGroup;
			children = (
				D4657D2723E9C95900B843AF /* Base */,
				D4657D1C23E9BF6700B843AF /* Articles */,
				D4657D1523E9BED800B843AF /* Extensions */,
				D4657CFC23E9BE9700B843AF /* Services */,
				D4657D1A23E9BEF600B843AF /* Constants.swift */,
				D4657CCA23E9BAD100B843AF /* AppDelegate.swift */,
				D4657CCC23E9BAD100B843AF /* SceneDelegate.swift */,
				D4657CD023E9BAD100B843AF /* Main.storyboard */,
				D4657CD323E9BAD200B843AF /* Assets.xcassets */,
				D4657CD523E9BAD200B843AF /* LaunchScreen.storyboard */,
				D4657CD823E9BAD200B843AF /* Info.plist */,
			);
			path = NewsApp;
			sourceTree = "<group>";
		};
		D4657CE023E9BAD200B843AF /* NewsAppTests */ = {
			isa = PBXGroup;
			children = (
				D4657D4323E9D4A900B843AF /* Base */,
				D4657D3223E9CE4000B843AF /* Articles */,
				D4657CE123E9BAD300B843AF /* NewsAppTests.swift */,
				D4657CE323E9BAD300B843AF /* Info.plist */,
			);
			path = NewsAppTests;
			sourceTree = "<group>";
		};
		D4657CEB23E9BAD300B843AF /* NewsAppUITests */ = {
			isa = PBXGroup;
			children = (
				D4657CEC23E9BAD300B843AF /* NewsAppUITests.swift */,
				D4657CEE23E9BAD300B843AF /* Info.plist */,
			);
			path = NewsAppUITests;
			sourceTree = "<group>";
		};
		D4657CFC23E9BE9700B843AF /* Services */ = {
			isa = PBXGroup;
			children = (
				D4657CFD23E9BE9700B843AF /* News */,
				D4657D0123E9BE9700B843AF /* ImageTransferer */,
			);
			path = Services;
			sourceTree = "<group>";
		};
		D4657CFD23E9BE9700B843AF /* News */ = {
			isa = PBXGroup;
			children = (
				D4657CFE23E9BE9700B843AF /* NewsService.swift */,
				D4657CFF23E9BE9700B843AF /* NewsServiceProtocol.swift */,
				D4657D0023E9BE9700B843AF /* Articles.json */,
			);
			path = News;
			sourceTree = "<group>";
		};
		D4657D0123E9BE9700B843AF /* ImageTransferer */ = {
			isa = PBXGroup;
			children = (
				D4657D0223E9BE9700B843AF /* ImageTransfererProtocol.swift */,
				D4657D0323E9BE9700B843AF /* ImageTransfererService.swift */,
			);
			path = ImageTransferer;
			sourceTree = "<group>";
		};
		D4657D0923E9BEB700B843AF /* Models */ = {
			isa = PBXGroup;
			children = (
				D4657D0A23E9BEB700B843AF /* ArticleSource.swift */,
				D4657D0B23E9BEB700B843AF /* Article.swift */,
				D4657D0C23E9BEB700B843AF /* Articles.swift */,
			);
			path = Models;
			sourceTree = "<group>";
		};
		D4657D1023E9BEC700B843AF /* ArticleCell */ = {
			isa = PBXGroup;
			children = (
				D4657D1123E9BEC700B843AF /* ArticleCell.swift */,
				D4657D1223E9BEC700B843AF /* ArticleCell.xib */,
			);
			path = ArticleCell;
			sourceTree = "<group>";
		};
		D4657D1523E9BED800B843AF /* Extensions */ = {
			isa = PBXGroup;
			children = (
				D4657D1623E9BED800B843AF /* Storyboarded.swift */,
			);
			path = Extensions;
			sourceTree = "<group>";
		};
		D4657D1C23E9BF6700B843AF /* Articles */ = {
			isa = PBXGroup;
			children = (
				D4657D0923E9BEB700B843AF /* Models */,
				D4657D2A23E9CA2800B843AF /* Coordinator */,
				D4657D2B23E9CA5F00B843AF /* Presenter */,
				D4657D2C23E9CA6D00B843AF /* View */,
				D4657D2D23E9CA9B00B843AF /* SelectedArticle */,
			);
			path = Articles;
			sourceTree = "<group>";
		};
		D4657D2723E9C95900B843AF /* Base */ = {
			isa = PBXGroup;
			children = (
				D4657D1823E9BEE500B843AF /* AppCoordinator.swift */,
				D4657D2823E9C96600B843AF /* Coordinator.swift */,
			);
			path = Base;
			sourceTree = "<group>";
		};
		D4657D2A23E9CA2800B843AF /* Coordinator */ = {
			isa = PBXGroup;
			children = (
				D4657D1E23E9BF6700B843AF /* ArticlesCoordinator.swift */,
			);
			path = Coordinator;
			sourceTree = "<group>";
		};
		D4657D2B23E9CA5F00B843AF /* Presenter */ = {
			isa = PBXGroup;
			children = (
				D4657D4123E9D22A00B843AF /* ArticlesPresenterProtocol.swift */,
				D4657D2423E9BFBE00B843AF /* ArticlesPresenter.swift */,
			);
			path = Presenter;
			sourceTree = "<group>";
		};
		D4657D2C23E9CA6D00B843AF /* View */ = {
			isa = PBXGroup;
			children = (
				D4657D1023E9BEC700B843AF /* ArticleCell */,
				D4657D1F23E9BF6700B843AF /* ArticlesTableViewController.swift */,
			);
			path = View;
			sourceTree = "<group>";
		};
		D4657D2D23E9CA9B00B843AF /* SelectedArticle */ = {
			isa = PBXGroup;
			children = (
				D4657D2E23E9CAAB00B843AF /* Presenter */,
				D4657D2F23E9CAB500B843AF /* View */,
			);
			path = SelectedArticle;
			sourceTree = "<group>";
		};
		D4657D2E23E9CAAB00B843AF /* Presenter */ = {
			isa = PBXGroup;
			children = (
			);
			path = Presenter;
			sourceTree = "<group>";
		};
		D4657D2F23E9CAB500B843AF /* View */ = {
			isa = PBXGroup;
			children = (
				D4657D1D23E9BF6700B843AF /* ArticleViewController.swift */,
			);
			path = View;
			sourceTree = "<group>";
		};
		D4657D3223E9CE4000B843AF /* Articles */ = {
			isa = PBXGroup;
			children = (
				D4657D3E23E9D17800B843AF /* Mocks */,
				D4657D3323E9CE4800B843AF /* Coordinator */,
				D4657D3423E9CE4D00B843AF /* Presenter */,
				D4657D3523E9CE5300B843AF /* View */,
			);
			path = Articles;
			sourceTree = "<group>";
		};
		D4657D3323E9CE4800B843AF /* Coordinator */ = {
			isa = PBXGroup;
			children = (
				D4657D3623E9CE6A00B843AF /* ArticlesCoordinatorTests.swift */,
			);
			path = Coordinator;
			sourceTree = "<group>";
		};
		D4657D3423E9CE4D00B843AF /* Presenter */ = {
			isa = PBXGroup;
			children = (
				D4657D3823E9CE7900B843AF /* ArticlesPresenterTests.swift */,
			);
			path = Presenter;
			sourceTree = "<group>";
		};
		D4657D3523E9CE5300B843AF /* View */ = {
			isa = PBXGroup;
			children = (
				D4657D3A23E9CE9900B843AF /* ArticlesTableViewControllerUITests.swift */,
				D4657D3C23E9CF0600B843AF /* ArticlesTableViewControllerTests.swift */,
			);
			path = View;
			sourceTree = "<group>";
		};
		D4657D3E23E9D17800B843AF /* Mocks */ = {
			isa = PBXGroup;
			children = (
				D4657D3F23E9D18E00B843AF /* MockArticlesPresenter.swift */,
			);
			path = Mocks;
			sourceTree = "<group>";
		};
		D4657D4323E9D4A900B843AF /* Base */ = {
			isa = PBXGroup;
			children = (
				D4657D4623E9D4BF00B843AF /* MockObjectProtocol.swift */,
			);
			path = Base;
			sourceTree = "<group>";
		};
/* End PBXGroup section */

/* Begin PBXNativeTarget section */
		D4657CC623E9BAD100B843AF /* NewsApp */ = {
			isa = PBXNativeTarget;
			buildConfigurationList = D4657CF123E9BAD300B843AF /* Build configuration list for PBXNativeTarget "NewsApp" */;
			buildPhases = (
				D4657CC323E9BAD100B843AF /* Sources */,
				D4657CC423E9BAD100B843AF /* Frameworks */,
				D4657CC523E9BAD100B843AF /* Resources */,
			);
			buildRules = (
			);
			dependencies = (
			);
			name = NewsApp;
			productName = NewsApp;
			productReference = D4657CC723E9BAD100B843AF /* NewsApp.app */;
			productType = "com.apple.product-type.application";
		};
		D4657CDC23E9BAD200B843AF /* NewsAppTests */ = {
			isa = PBXNativeTarget;
			buildConfigurationList = D4657CF423E9BAD300B843AF /* Build configuration list for PBXNativeTarget "NewsAppTests" */;
			buildPhases = (
				D4657CD923E9BAD200B843AF /* Sources */,
				D4657CDA23E9BAD200B843AF /* Frameworks */,
				D4657CDB23E9BAD200B843AF /* Resources */,
			);
			buildRules = (
			);
			dependencies = (
				D4657CDF23E9BAD200B843AF /* PBXTargetDependency */,
			);
			name = NewsAppTests;
			productName = NewsAppTests;
			productReference = D4657CDD23E9BAD200B843AF /* NewsAppTests.xctest */;
			productType = "com.apple.product-type.bundle.unit-test";
		};
		D4657CE723E9BAD300B843AF /* NewsAppUITests */ = {
			isa = PBXNativeTarget;
			buildConfigurationList = D4657CF723E9BAD300B843AF /* Build configuration list for PBXNativeTarget "NewsAppUITests" */;
			buildPhases = (
				D4657CE423E9BAD300B843AF /* Sources */,
				D4657CE523E9BAD300B843AF /* Frameworks */,
				D4657CE623E9BAD300B843AF /* Resources */,
			);
			buildRules = (
			);
			dependencies = (
				D4657CEA23E9BAD300B843AF /* PBXTargetDependency */,
			);
			name = NewsAppUITests;
			productName = NewsAppUITests;
			productReference = D4657CE823E9BAD300B843AF /* NewsAppUITests.xctest */;
			productType = "com.apple.product-type.bundle.ui-testing";
		};
/* End PBXNativeTarget section */

/* Begin PBXProject section */
		D4657CBF23E9BAD100B843AF /* Project object */ = {
			isa = PBXProject;
			attributes = {
				LastSwiftUpdateCheck = 1120;
				LastUpgradeCheck = 1120;
				ORGANIZATIONNAME = "Alex Marchant";
				TargetAttributes = {
					D4657CC623E9BAD100B843AF = {
						CreatedOnToolsVersion = 11.2;
					};
					D4657CDC23E9BAD200B843AF = {
						CreatedOnToolsVersion = 11.2;
						TestTargetID = D4657CC623E9BAD100B843AF;
					};
					D4657CE723E9BAD300B843AF = {
						CreatedOnToolsVersion = 11.2;
						TestTargetID = D4657CC623E9BAD100B843AF;
					};
				};
			};
			buildConfigurationList = D4657CC223E9BAD100B843AF /* Build configuration list for PBXProject "NewsApp" */;
			compatibilityVersion = "Xcode 9.3";
			developmentRegion = en;
			hasScannedForEncodings = 0;
			knownRegions = (
				en,
				Base,
			);
			mainGroup = D4657CBE23E9BAD100B843AF;
			productRefGroup = D4657CC823E9BAD100B843AF /* Products */;
			projectDirPath = "";
			projectRoot = "";
			targets = (
				D4657CC623E9BAD100B843AF /* NewsApp */,
				D4657CDC23E9BAD200B843AF /* NewsAppTests */,
				D4657CE723E9BAD300B843AF /* NewsAppUITests */,
			);
		};
/* End PBXProject section */

/* Begin PBXResourcesBuildPhase section */
		D4657CC523E9BAD100B843AF /* Resources */ = {
			isa = PBXResourcesBuildPhase;
			buildActionMask = 2147483647;
			files = (
				D4657CFB23E9BCAD00B843AF /* .gitignore in Resources */,
				D4657D0623E9BE9700B843AF /* Articles.json in Resources */,
				D4657CD723E9BAD200B843AF /* LaunchScreen.storyboard in Resources */,
				D4657CD423E9BAD200B843AF /* Assets.xcassets in Resources */,
				D4657D1423E9BEC700B843AF /* ArticleCell.xib in Resources */,
				D4657CD223E9BAD100B843AF /* Main.storyboard in Resources */,
			);
			runOnlyForDeploymentPostprocessing = 0;
		};
		D4657CDB23E9BAD200B843AF /* Resources */ = {
			isa = PBXResourcesBuildPhase;
			buildActionMask = 2147483647;
			files = (
			);
			runOnlyForDeploymentPostprocessing = 0;
		};
		D4657CE623E9BAD300B843AF /* Resources */ = {
			isa = PBXResourcesBuildPhase;
			buildActionMask = 2147483647;
			files = (
			);
			runOnlyForDeploymentPostprocessing = 0;
		};
/* End PBXResourcesBuildPhase section */

/* Begin PBXSourcesBuildPhase section */
		D4657CC323E9BAD100B843AF /* Sources */ = {
			isa = PBXSourcesBuildPhase;
			buildActionMask = 2147483647;
			files = (
				D4657D0523E9BE9700B843AF /* NewsServiceProtocol.swift in Sources */,
				D4657D0423E9BE9700B843AF /* NewsService.swift in Sources */,
				D4657D2223E9BF6700B843AF /* ArticlesTableViewController.swift in Sources */,
				D4657D4223E9D22A00B843AF /* ArticlesPresenterProtocol.swift in Sources */,
				D4657D1923E9BEE500B843AF /* AppCoordinator.swift in Sources */,
				D4657D0E23E9BEB700B843AF /* Article.swift in Sources */,
				D4657D2923E9C96600B843AF /* Coordinator.swift in Sources */,
				D4657D0D23E9BEB700B843AF /* ArticleSource.swift in Sources */,
				D4657CCB23E9BAD100B843AF /* AppDelegate.swift in Sources */,
				D4657D2023E9BF6700B843AF /* ArticleViewController.swift in Sources */,
				D4657D0F23E9BEB700B843AF /* Articles.swift in Sources */,
				D4657D0823E9BE9700B843AF /* ImageTransfererService.swift in Sources */,
				D4657CCD23E9BAD100B843AF /* SceneDelegate.swift in Sources */,
				D4657D0723E9BE9700B843AF /* ImageTransfererProtocol.swift in Sources */,
				D4657D2523E9BFBE00B843AF /* ArticlesPresenter.swift in Sources */,
				D4657D1B23E9BEF600B843AF /* Constants.swift in Sources */,
				D4657D1323E9BEC700B843AF /* ArticleCell.swift in Sources */,
				D4657D1723E9BED800B843AF /* Storyboarded.swift in Sources */,
				D4657D2123E9BF6700B843AF /* ArticlesCoordinator.swift in Sources */,
			);
			runOnlyForDeploymentPostprocessing = 0;
		};
		D4657CD923E9BAD200B843AF /* Sources */ = {
			isa = PBXSourcesBuildPhase;
			buildActionMask = 2147483647;
			files = (
				D4657CE223E9BAD300B843AF /* NewsAppTests.swift in Sources */,
				D4657D4023E9D18E00B843AF /* MockArticlesPresenter.swift in Sources */,
				D4657D3723E9CE6A00B843AF /* ArticlesCoordinatorTests.swift in Sources */,
				D4657D3B23E9CE9900B843AF /* ArticlesTableViewControllerUITests.swift in Sources */,
				D4657D3923E9CE7900B843AF /* ArticlesPresenterTests.swift in Sources */,
				D4657D3D23E9CF0600B843AF /* ArticlesTableViewControllerTests.swift in Sources */,
				D4657D4723E9D4BF00B843AF /* MockObjectProtocol.swift in Sources */,
			);
			runOnlyForDeploymentPostprocessing = 0;
		};
		D4657CE423E9BAD300B843AF /* Sources */ = {
			isa = PBXSourcesBuildPhase;
			buildActionMask = 2147483647;
			files = (
				D4657CED23E9BAD300B843AF /* NewsAppUITests.swift in Sources */,
			);
			runOnlyForDeploymentPostprocessing = 0;
		};
/* End PBXSourcesBuildPhase section */

/* Begin PBXTargetDependency section */
		D4657CDF23E9BAD200B843AF /* PBXTargetDependency */ = {
			isa = PBXTargetDependency;
			target = D4657CC623E9BAD100B843AF /* NewsApp */;
			targetProxy = D4657CDE23E9BAD200B843AF /* PBXContainerItemProxy */;
		};
		D4657CEA23E9BAD300B843AF /* PBXTargetDependency */ = {
			isa = PBXTargetDependency;
			target = D4657CC623E9BAD100B843AF /* NewsApp */;
			targetProxy = D4657CE923E9BAD300B843AF /* PBXContainerItemProxy */;
		};
/* End PBXTargetDependency section */

/* Begin PBXVariantGroup section */
		D4657CD023E9BAD100B843AF /* Main.storyboard */ = {
			isa = PBXVariantGroup;
			children = (
				D4657CD123E9BAD100B843AF /* Base */,
			);
			name = Main.storyboard;
			sourceTree = "<group>";
		};
		D4657CD523E9BAD200B843AF /* LaunchScreen.storyboard */ = {
			isa = PBXVariantGroup;
			children = (
				D4657CD623E9BAD200B843AF /* Base */,
			);
			name = LaunchScreen.storyboard;
			sourceTree = "<group>";
		};
/* End PBXVariantGroup section */

/* Begin XCBuildConfiguration section */
		D4657CEF23E9BAD300B843AF /* Debug */ = {
			isa = XCBuildConfiguration;
			buildSettings = {
				ALWAYS_SEARCH_USER_PATHS = NO;
				CLANG_ANALYZER_NONNULL = YES;
				CLANG_ANALYZER_NUMBER_OBJECT_CONVERSION = YES_AGGRESSIVE;
				CLANG_CXX_LANGUAGE_STANDARD = "gnu++14";
				CLANG_CXX_LIBRARY = "libc++";
				CLANG_ENABLE_MODULES = YES;
				CLANG_ENABLE_OBJC_ARC = YES;
				CLANG_ENABLE_OBJC_WEAK = YES;
				CLANG_WARN_BLOCK_CAPTURE_AUTORELEASING = YES;
				CLANG_WARN_BOOL_CONVERSION = YES;
				CLANG_WARN_COMMA = YES;
				CLANG_WARN_CONSTANT_CONVERSION = YES;
				CLANG_WARN_DEPRECATED_OBJC_IMPLEMENTATIONS = YES;
				CLANG_WARN_DIRECT_OBJC_ISA_USAGE = YES_ERROR;
				CLANG_WARN_DOCUMENTATION_COMMENTS = YES;
				CLANG_WARN_EMPTY_BODY = YES;
				CLANG_WARN_ENUM_CONVERSION = YES;
				CLANG_WARN_INFINITE_RECURSION = YES;
				CLANG_WARN_INT_CONVERSION = YES;
				CLANG_WARN_NON_LITERAL_NULL_CONVERSION = YES;
				CLANG_WARN_OBJC_IMPLICIT_RETAIN_SELF = YES;
				CLANG_WARN_OBJC_LITERAL_CONVERSION = YES;
				CLANG_WARN_OBJC_ROOT_CLASS = YES_ERROR;
				CLANG_WARN_RANGE_LOOP_ANALYSIS = YES;
				CLANG_WARN_STRICT_PROTOTYPES = YES;
				CLANG_WARN_SUSPICIOUS_MOVE = YES;
				CLANG_WARN_UNGUARDED_AVAILABILITY = YES_AGGRESSIVE;
				CLANG_WARN_UNREACHABLE_CODE = YES;
				CLANG_WARN__DUPLICATE_METHOD_MATCH = YES;
				COPY_PHASE_STRIP = NO;
				DEBUG_INFORMATION_FORMAT = dwarf;
				ENABLE_STRICT_OBJC_MSGSEND = YES;
				ENABLE_TESTABILITY = YES;
				GCC_C_LANGUAGE_STANDARD = gnu11;
				GCC_DYNAMIC_NO_PIC = NO;
				GCC_NO_COMMON_BLOCKS = YES;
				GCC_OPTIMIZATION_LEVEL = 0;
				GCC_PREPROCESSOR_DEFINITIONS = (
					"DEBUG=1",
					"$(inherited)",
				);
				GCC_WARN_64_TO_32_BIT_CONVERSION = YES;
				GCC_WARN_ABOUT_RETURN_TYPE = YES_ERROR;
				GCC_WARN_UNDECLARED_SELECTOR = YES;
				GCC_WARN_UNINITIALIZED_AUTOS = YES_AGGRESSIVE;
				GCC_WARN_UNUSED_FUNCTION = YES;
				GCC_WARN_UNUSED_VARIABLE = YES;
				IPHONEOS_DEPLOYMENT_TARGET = 13.2;
				MTL_ENABLE_DEBUG_INFO = INCLUDE_SOURCE;
				MTL_FAST_MATH = YES;
				ONLY_ACTIVE_ARCH = YES;
				SDKROOT = iphoneos;
				SWIFT_ACTIVE_COMPILATION_CONDITIONS = DEBUG;
				SWIFT_OPTIMIZATION_LEVEL = "-Onone";
			};
			name = Debug;
		};
		D4657CF023E9BAD300B843AF /* Release */ = {
			isa = XCBuildConfiguration;
			buildSettings = {
				ALWAYS_SEARCH_USER_PATHS = NO;
				CLANG_ANALYZER_NONNULL = YES;
				CLANG_ANALYZER_NUMBER_OBJECT_CONVERSION = YES_AGGRESSIVE;
				CLANG_CXX_LANGUAGE_STANDARD = "gnu++14";
				CLANG_CXX_LIBRARY = "libc++";
				CLANG_ENABLE_MODULES = YES;
				CLANG_ENABLE_OBJC_ARC = YES;
				CLANG_ENABLE_OBJC_WEAK = YES;
				CLANG_WARN_BLOCK_CAPTURE_AUTORELEASING = YES;
				CLANG_WARN_BOOL_CONVERSION = YES;
				CLANG_WARN_COMMA = YES;
				CLANG_WARN_CONSTANT_CONVERSION = YES;
				CLANG_WARN_DEPRECATED_OBJC_IMPLEMENTATIONS = YES;
				CLANG_WARN_DIRECT_OBJC_ISA_USAGE = YES_ERROR;
				CLANG_WARN_DOCUMENTATION_COMMENTS = YES;
				CLANG_WARN_EMPTY_BODY = YES;
				CLANG_WARN_ENUM_CONVERSION = YES;
				CLANG_WARN_INFINITE_RECURSION = YES;
				CLANG_WARN_INT_CONVERSION = YES;
				CLANG_WARN_NON_LITERAL_NULL_CONVERSION = YES;
				CLANG_WARN_OBJC_IMPLICIT_RETAIN_SELF = YES;
				CLANG_WARN_OBJC_LITERAL_CONVERSION = YES;
				CLANG_WARN_OBJC_ROOT_CLASS = YES_ERROR;
				CLANG_WARN_RANGE_LOOP_ANALYSIS = YES;
				CLANG_WARN_STRICT_PROTOTYPES = YES;
				CLANG_WARN_SUSPICIOUS_MOVE = YES;
				CLANG_WARN_UNGUARDED_AVAILABILITY = YES_AGGRESSIVE;
				CLANG_WARN_UNREACHABLE_CODE = YES;
				CLANG_WARN__DUPLICATE_METHOD_MATCH = YES;
				COPY_PHASE_STRIP = NO;
				DEBUG_INFORMATION_FORMAT = "dwarf-with-dsym";
				ENABLE_NS_ASSERTIONS = NO;
				ENABLE_STRICT_OBJC_MSGSEND = YES;
				GCC_C_LANGUAGE_STANDARD = gnu11;
				GCC_NO_COMMON_BLOCKS = YES;
				GCC_WARN_64_TO_32_BIT_CONVERSION = YES;
				GCC_WARN_ABOUT_RETURN_TYPE = YES_ERROR;
				GCC_WARN_UNDECLARED_SELECTOR = YES;
				GCC_WARN_UNINITIALIZED_AUTOS = YES_AGGRESSIVE;
				GCC_WARN_UNUSED_FUNCTION = YES;
				GCC_WARN_UNUSED_VARIABLE = YES;
				IPHONEOS_DEPLOYMENT_TARGET = 13.2;
				MTL_ENABLE_DEBUG_INFO = NO;
				MTL_FAST_MATH = YES;
				SDKROOT = iphoneos;
				SWIFT_COMPILATION_MODE = wholemodule;
				SWIFT_OPTIMIZATION_LEVEL = "-O";
				VALIDATE_PRODUCT = YES;
			};
			name = Release;
		};
		D4657CF223E9BAD300B843AF /* Debug */ = {
			isa = XCBuildConfiguration;
			buildSettings = {
				ASSETCATALOG_COMPILER_APPICON_NAME = AppIcon;
				CODE_SIGN_STYLE = Automatic;
				INFOPLIST_FILE = NewsApp/Info.plist;
				LD_RUNPATH_SEARCH_PATHS = (
					"$(inherited)",
					"@executable_path/Frameworks",
				);
				PRODUCT_BUNDLE_IDENTIFIER = "am-anddigital.NewsApp";
				PRODUCT_NAME = "$(TARGET_NAME)";
				SWIFT_VERSION = 5.0;
				TARGETED_DEVICE_FAMILY = "1,2";
			};
			name = Debug;
		};
		D4657CF323E9BAD300B843AF /* Release */ = {
			isa = XCBuildConfiguration;
			buildSettings = {
				ASSETCATALOG_COMPILER_APPICON_NAME = AppIcon;
				CODE_SIGN_STYLE = Automatic;
				INFOPLIST_FILE = NewsApp/Info.plist;
				LD_RUNPATH_SEARCH_PATHS = (
					"$(inherited)",
					"@executable_path/Frameworks",
				);
				PRODUCT_BUNDLE_IDENTIFIER = "am-anddigital.NewsApp";
				PRODUCT_NAME = "$(TARGET_NAME)";
				SWIFT_VERSION = 5.0;
				TARGETED_DEVICE_FAMILY = "1,2";
			};
			name = Release;
		};
		D4657CF523E9BAD300B843AF /* Debug */ = {
			isa = XCBuildConfiguration;
			buildSettings = {
				ALWAYS_EMBED_SWIFT_STANDARD_LIBRARIES = YES;
				BUNDLE_LOADER = "$(TEST_HOST)";
				CODE_SIGN_STYLE = Automatic;
				INFOPLIST_FILE = NewsAppTests/Info.plist;
				IPHONEOS_DEPLOYMENT_TARGET = 13.2;
				LD_RUNPATH_SEARCH_PATHS = (
					"$(inherited)",
					"@executable_path/Frameworks",
					"@loader_path/Frameworks",
				);
				PRODUCT_BUNDLE_IDENTIFIER = "am-anddigital.NewsAppTests";
				PRODUCT_NAME = "$(TARGET_NAME)";
				SWIFT_VERSION = 5.0;
				TARGETED_DEVICE_FAMILY = "1,2";
				TEST_HOST = "$(BUILT_PRODUCTS_DIR)/NewsApp.app/NewsApp";
			};
			name = Debug;
		};
		D4657CF623E9BAD300B843AF /* Release */ = {
			isa = XCBuildConfiguration;
			buildSettings = {
				ALWAYS_EMBED_SWIFT_STANDARD_LIBRARIES = YES;
				BUNDLE_LOADER = "$(TEST_HOST)";
				CODE_SIGN_STYLE = Automatic;
				INFOPLIST_FILE = NewsAppTests/Info.plist;
				IPHONEOS_DEPLOYMENT_TARGET = 13.2;
				LD_RUNPATH_SEARCH_PATHS = (
					"$(inherited)",
					"@executable_path/Frameworks",
					"@loader_path/Frameworks",
				);
				PRODUCT_BUNDLE_IDENTIFIER = "am-anddigital.NewsAppTests";
				PRODUCT_NAME = "$(TARGET_NAME)";
				SWIFT_VERSION = 5.0;
				TARGETED_DEVICE_FAMILY = "1,2";
				TEST_HOST = "$(BUILT_PRODUCTS_DIR)/NewsApp.app/NewsApp";
			};
			name = Release;
		};
		D4657CF823E9BAD300B843AF /* Debug */ = {
			isa = XCBuildConfiguration;
			buildSettings = {
				ALWAYS_EMBED_SWIFT_STANDARD_LIBRARIES = YES;
				CODE_SIGN_STYLE = Automatic;
				INFOPLIST_FILE = NewsAppUITests/Info.plist;
				LD_RUNPATH_SEARCH_PATHS = (
					"$(inherited)",
					"@executable_path/Frameworks",
					"@loader_path/Frameworks",
				);
				PRODUCT_BUNDLE_IDENTIFIER = "am-anddigital.NewsAppUITests";
				PRODUCT_NAME = "$(TARGET_NAME)";
				SWIFT_VERSION = 5.0;
				TARGETED_DEVICE_FAMILY = "1,2";
				TEST_TARGET_NAME = NewsApp;
			};
			name = Debug;
		};
		D4657CF923E9BAD300B843AF /* Release */ = {
			isa = XCBuildConfiguration;
			buildSettings = {
				ALWAYS_EMBED_SWIFT_STANDARD_LIBRARIES = YES;
				CODE_SIGN_STYLE = Automatic;
				INFOPLIST_FILE = NewsAppUITests/Info.plist;
				LD_RUNPATH_SEARCH_PATHS = (
					"$(inherited)",
					"@executable_path/Frameworks",
					"@loader_path/Frameworks",
				);
				PRODUCT_BUNDLE_IDENTIFIER = "am-anddigital.NewsAppUITests";
				PRODUCT_NAME = "$(TARGET_NAME)";
				SWIFT_VERSION = 5.0;
				TARGETED_DEVICE_FAMILY = "1,2";
				TEST_TARGET_NAME = NewsApp;
			};
			name = Release;
		};
/* End XCBuildConfiguration section */

/* Begin XCConfigurationList section */
		D4657CC223E9BAD100B843AF /* Build configuration list for PBXProject "NewsApp" */ = {
			isa = XCConfigurationList;
			buildConfigurations = (
				D4657CEF23E9BAD300B843AF /* Debug */,
				D4657CF023E9BAD300B843AF /* Release */,
			);
			defaultConfigurationIsVisible = 0;
			defaultConfigurationName = Release;
		};
		D4657CF123E9BAD300B843AF /* Build configuration list for PBXNativeTarget "NewsApp" */ = {
			isa = XCConfigurationList;
			buildConfigurations = (
				D4657CF223E9BAD300B843AF /* Debug */,
				D4657CF323E9BAD300B843AF /* Release */,
			);
			defaultConfigurationIsVisible = 0;
			defaultConfigurationName = Release;
		};
		D4657CF423E9BAD300B843AF /* Build configuration list for PBXNativeTarget "NewsAppTests" */ = {
			isa = XCConfigurationList;
			buildConfigurations = (
				D4657CF523E9BAD300B843AF /* Debug */,
				D4657CF623E9BAD300B843AF /* Release */,
			);
			defaultConfigurationIsVisible = 0;
			defaultConfigurationName = Release;
		};
		D4657CF723E9BAD300B843AF /* Build configuration list for PBXNativeTarget "NewsAppUITests" */ = {
			isa = XCConfigurationList;
			buildConfigurations = (
				D4657CF823E9BAD300B843AF /* Debug */,
				D4657CF923E9BAD300B843AF /* Release */,
			);
			defaultConfigurationIsVisible = 0;
			defaultConfigurationName = Release;
		};
/* End XCConfigurationList section */
	};
	rootObject = D4657CBF23E9BAD100B843AF /* Project object */;
}
